
Microsoft Visual Studio Solution File, Format Version 12.00
# Visual Studio Version 17
VisualStudioVersion = 17.2.32630.192
MinimumVisualStudioVersion = 10.0.40219.1
Project("{FAE04EC0-301F-11D3-BF4B-00C04F79EFBC}") = "MongoDbCrudApp", "MongoDbCrudApp\MongoDbCrudApp.csproj", "{AB51E5B3-A188-486D-8ED8-9D0C58AB7E4B}"
EndProject
Global
	GlobalSection(SolutionConfigurationPlatforms) = preSolution
		Debug|Any CPU = Debug|Any CPU
		Release|Any CPU = Release|Any CPU
	EndGlobalSection
	GlobalSection(ProjectConfigurationPlatforms) = postSolution
		{AB51E5B3-A188-486D-8ED8-9D0C58AB7E4B}.Debug|Any CPU.ActiveCfg = Debug|Any CPU
		{AB51E5B3-A188-486D-8ED8-9D0C58AB7E4B}.Debug|Any CPU.Build.0 = Debug|Any CPU
		{AB51E5B3-A188-486D-8ED8-9D0C58AB7E4B}.Release|Any CPU.ActiveCfg = Release|Any CPU
		{AB51E5B3-A188-486D-8ED8-9D0C58AB7E4B}.Release|Any CPU.Build.0 = Release|Any CPU
	EndGlobalSection
	GlobalSection(SolutionProperties) = preSolution
		HideSolutionNode = FALSE
	EndGlobalSection
	GlobalSection(ExtensibilityGlobals) = postSolution
		SolutionGuid = {589FE1F4-F841-46ED-80D5-510882FC39D2}
	EndGlobalSection
EndGlobal
